
Microsoft Visual Studio Solution File, Format Version 12.00
# Visual Studio Version 17
VisualStudioVersion = 17.6.33829.357
MinimumVisualStudioVersion = 10.0.40219.1
Project("{FAE04EC0-301F-11D3-BF4B-00C04F79EFBC}") = "DebugIt", "DebugIt\DebugIt.csproj", "{E11E66C0-4745-4089-92DD-6C0A2FB8A27F}"
EndProject
Global
	GlobalSection(SolutionConfigurationPlatforms) = preSolution
		Debug|Any CPU = Debug|Any CPU
		Release|Any CPU = Release|Any CPU
	EndGlobalSection
	GlobalSection(ProjectConfigurationPlatforms) = postSolution
		{E11E66C0-4745-4089-92DD-6C0A2FB8A27F}.Debug|Any CPU.ActiveCfg = Debug|Any CPU
		{E11E66C0-4745-4089-92DD-6C0A2FB8A27F}.Debug|Any CPU.Build.0 = Debug|Any CPU
		{E11E66C0-4745-4089-92DD-6C0A2FB8A27F}.Release|Any CPU.ActiveCfg = Release|Any CPU
		{E11E66C0-4745-4089-92DD-6C0A2FB8A27F}.Release|Any CPU.Build.0 = Release|Any CPU
	EndGlobalSection
	GlobalSection(SolutionProperties) = preSolution
		HideSolutionNode = FALSE
	EndGlobalSection
	GlobalSection(ExtensibilityGlobals) = postSolution
		SolutionGuid = {9D89C98D-9233-46FA-B71D-CEADAF92911B}
	EndGlobalSection
EndGlobal
