
Microsoft Visual Studio Solution File, Format Version 12.00
# Visual Studio Version 17
VisualStudioVersion = 17.6.33829.357
MinimumVisualStudioVersion = 10.0.40219.1
Project("{FAE04EC0-301F-11D3-BF4B-00C04F79EFBC}") = "DebugIt", "DebugIt\DebugIt.csproj", "{B17160B8-24B0-450E-85F1-89F089F67BC5}"
EndProject
Global
	GlobalSection(SolutionConfigurationPlatforms) = preSolution
		Debug|Any CPU = Debug|Any CPU
		Release|Any CPU = Release|Any CPU
	EndGlobalSection
	GlobalSection(ProjectConfigurationPlatforms) = postSolution
		{B17160B8-24B0-450E-85F1-89F089F67BC5}.Debug|Any CPU.ActiveCfg = Debug|Any CPU
		{B17160B8-24B0-450E-85F1-89F089F67BC5}.Debug|Any CPU.Build.0 = Debug|Any CPU
		{B17160B8-24B0-450E-85F1-89F089F67BC5}.Release|Any CPU.ActiveCfg = Release|Any CPU
		{B17160B8-24B0-450E-85F1-89F089F67BC5}.Release|Any CPU.Build.0 = Release|Any CPU
	EndGlobalSection
	GlobalSection(SolutionProperties) = preSolution
		HideSolutionNode = FALSE
	EndGlobalSection
	GlobalSection(ExtensibilityGlobals) = postSolution
		SolutionGuid = {AA8BD8E4-7043-4A1D-9D32-FC1E11A4D2DB}
	EndGlobalSection
EndGlobal
